Microsoft Visual Studio Solution File, Format Version 12.00
# Visual Studio Version 17
VisualStudioVersion = 17.5.2.0
MinimumVisualStudioVersion = 10.0.40219.1
Project("{2150E333-8FDC-42A3-9474-1A3956D46DE8}") = "packages", "packages", "{809F86A1-1C4C-B159-0CD4-DF9D33D876CE}"
EndProject
Project("{2150E333-8FDC-42A3-9474-1A3956D46DE8}") = "engine", "engine", "{A6FC4A6F-33B2-33A4-90F9-ED7A587BD940}"
EndProject
Project("{2150E333-8FDC-42A3-9474-1A3956D46DE8}") = "sdk", "sdk", "{D5F593B9-4121-B9B9-A5CA-50667363992D}"
EndProject
Project("{2150E333-8FDC-42A3-9474-1A3956D46DE8}") = "csharp", "csharp", "{4E76BDB6-10EA-66CF-F583-5D2CFD30E503}"
EndProject
Project("{FAE04EC0-301F-11D3-BF4B-00C04F79EFBC}") = "GuavaEngine", "packages\engine\sdk\csharp\GuavaEngine\GuavaEngine.csproj", "{384067C1-ADE5-5C49-9D99-6B0D0C4B6A5D}"
EndProject
Project("{2150E333-8FDC-42A3-9474-1A3956D46DE8}") = "examples", "examples", "{3012A22C-576F-92C1-0174-999D165AC2EC}"
EndProject
Project("{FAE04EC0-301F-11D3-BF4B-00C04F79EFBC}") = "HelloWorld", "packages\engine\sdk\csharp\examples\HelloWorld\HelloWorld.csproj", "{F1937717-7FD2-2798-0F5F-BC66C537CE17}"
EndProject
Global
	GlobalSection(SolutionConfigurationPlatforms) = preSolution
		Debug|Any CPU = Debug|Any CPU
		Release|Any CPU = Release|Any CPU
	EndGlobalSection
	GlobalSection(ProjectConfigurationPlatforms) = postSolution
		{384067C1-ADE5-5C49-9D99-6B0D0C4B6A5D}.Debug|Any CPU.ActiveCfg = Debug|Any CPU
		{384067C1-ADE5-5C49-9D99-6B0D0C4B6A5D}.Debug|Any CPU.Build.0 = Debug|Any CPU
		{384067C1-ADE5-5C49-9D99-6B0D0C4B6A5D}.Release|Any CPU.ActiveCfg = Release|Any CPU
		{384067C1-ADE5-5C49-9D99-6B0D0C4B6A5D}.Release|Any CPU.Build.0 = Release|Any CPU
		{F1937717-7FD2-2798-0F5F-BC66C537CE17}.Debug|Any CPU.ActiveCfg = Debug|Any CPU
		{F1937717-7FD2-2798-0F5F-BC66C537CE17}.Debug|Any CPU.Build.0 = Debug|Any CPU
		{F1937717-7FD2-2798-0F5F-BC66C537CE17}.Release|Any CPU.ActiveCfg = Release|Any CPU
		{F1937717-7FD2-2798-0F5F-BC66C537CE17}.Release|Any CPU.Build.0 = Release|Any CPU
	EndGlobalSection
	GlobalSection(SolutionProperties) = preSolution
		HideSolutionNode = FALSE
	EndGlobalSection
	GlobalSection(NestedProjects) = preSolution
		{A6FC4A6F-33B2-33A4-90F9-ED7A587BD940} = {809F86A1-1C4C-B159-0CD4-DF9D33D876CE}
		{D5F593B9-4121-B9B9-A5CA-50667363992D} = {A6FC4A6F-33B2-33A4-90F9-ED7A587BD940}
		{4E76BDB6-10EA-66CF-F583-5D2CFD30E503} = {D5F593B9-4121-B9B9-A5CA-50667363992D}
		{384067C1-ADE5-5C49-9D99-6B0D0C4B6A5D} = {4E76BDB6-10EA-66CF-F583-5D2CFD30E503}
		{3012A22C-576F-92C1-0174-999D165AC2EC} = {4E76BDB6-10EA-66CF-F583-5D2CFD30E503}
		{F1937717-7FD2-2798-0F5F-BC66C537CE17} = {3012A22C-576F-92C1-0174-999D165AC2EC}
	EndGlobalSection
	GlobalSection(ExtensibilityGlobals) = postSolution
		SolutionGuid = {4EB4849E-7D49-4BB1-A611-4543FBE0E66A}
	EndGlobalSection
EndGlobal
